
Microsoft Visual Studio Solution File, Format Version 12.00
# Visual Studio Version 16
VisualStudioVersion = 16.0.29613.14
MinimumVisualStudioVersion = 10.0.40219.1
Project("{9A19103F-16F7-4668-BE54-9A1E7A4F7556}") = "Dashboard_MK4", "Dashboard_MK4.csproj", "{097423FC-76F3-43BE-9808-AEACE08B8006}"
EndProject
Global
	GlobalSection(SolutionConfigurationPlatforms) = preSolution
		Debug|Any CPU = Debug|Any CPU
		Release|Any CPU = Release|Any CPU
	EndGlobalSection
	GlobalSection(ProjectConfigurationPlatforms) = postSolution
		{097423FC-76F3-43BE-9808-AEACE08B8006}.Debug|Any CPU.ActiveCfg = Debug|Any CPU
		{097423FC-76F3-43BE-9808-AEACE08B8006}.Debug|Any CPU.Build.0 = Debug|Any CPU
		{097423FC-76F3-43BE-9808-AEACE08B8006}.Release|Any CPU.ActiveCfg = Release|Any CPU
		{097423FC-76F3-43BE-9808-AEACE08B8006}.Release|Any CPU.Build.0 = Release|Any CPU
	EndGlobalSection
	GlobalSection(SolutionProperties) = preSolution
		HideSolutionNode = FALSE
	EndGlobalSection
	GlobalSection(ExtensibilityGlobals) = postSolution
		SolutionGuid = {87170C82-4DDB-4649-B490-5857B803968E}
	EndGlobalSection
EndGlobal
